
Microsoft Visual Studio Solution File, Format Version 12.00
# Visual Studio 15
VisualStudioVersion = 15.0.28010.2003
MinimumVisualStudioVersion = 10.0.40219.1
Project("{FAE04EC0-301F-11D3-BF4B-00C04F79EFBC}") = "Api-PedidoMovil", "Api-PedidoMovil\Api-PedidoMovil.csproj", "{0F1349F4-A5C9-4C6D-9A2A-D03F25CD195C}"
EndProject
Global
	GlobalSection(SolutionConfigurationPlatforms) = preSolution
		Debug|Any CPU = Debug|Any CPU
		Release|Any CPU = Release|Any CPU
	EndGlobalSection
	GlobalSection(ProjectConfigurationPlatforms) = postSolution
		{0F1349F4-A5C9-4C6D-9A2A-D03F25CD195C}.Debug|Any CPU.ActiveCfg = Debug|Any CPU
		{0F1349F4-A5C9-4C6D-9A2A-D03F25CD195C}.Debug|Any CPU.Build.0 = Debug|Any CPU
		{0F1349F4-A5C9-4C6D-9A2A-D03F25CD195C}.Release|Any CPU.ActiveCfg = Release|Any CPU
		{0F1349F4-A5C9-4C6D-9A2A-D03F25CD195C}.Release|Any CPU.Build.0 = Release|Any CPU
	EndGlobalSection
	GlobalSection(SolutionProperties) = preSolution
		HideSolutionNode = FALSE
	EndGlobalSection
	GlobalSection(ExtensibilityGlobals) = postSolution
		SolutionGuid = {052E9D5E-7E8F-4817-9C0B-C24465A6B901}
	EndGlobalSection
EndGlobal
